
Microsoft Visual Studio Solution File, Format Version 12.00
# Visual Studio Version 17
VisualStudioVersion = 17.5.002.0
MinimumVisualStudioVersion = 10.0.40219.1
Project("{9A19103F-16F7-4668-BE54-9A1E7A4F7556}") = "UnderscoreRemover", "UnderscoreRemover.csproj", "{A94CC9A9-14DF-4FD7-AB08-450BCEB19F75}"
EndProject
Global
	GlobalSection(SolutionConfigurationPlatforms) = preSolution
		Debug|Any CPU = Debug|Any CPU
		Release|Any CPU = Release|Any CPU
	EndGlobalSection
	GlobalSection(ProjectConfigurationPlatforms) = postSolution
		{A94CC9A9-14DF-4FD7-AB08-450BCEB19F75}.Debug|Any CPU.ActiveCfg = Debug|Any CPU
		{A94CC9A9-14DF-4FD7-AB08-450BCEB19F75}.Debug|Any CPU.Build.0 = Debug|Any CPU
		{A94CC9A9-14DF-4FD7-AB08-450BCEB19F75}.Release|Any CPU.ActiveCfg = Release|Any CPU
		{A94CC9A9-14DF-4FD7-AB08-450BCEB19F75}.Release|Any CPU.Build.0 = Release|Any CPU
	EndGlobalSection
	GlobalSection(SolutionProperties) = preSolution
		HideSolutionNode = FALSE
	EndGlobalSection
	GlobalSection(ExtensibilityGlobals) = postSolution
		SolutionGuid = {5365E1C0-FC5A-43A3-8FB3-875065A2AD8B}
	EndGlobalSection
EndGlobal
